// !$*UTF8*$!
{
	archiveVersion = 1;
	classes = {
	};
	objectVersion = 55;
	objects = {

/* Begin PBXBuildFile section */
		65491AFC28F707A40068B0A4 /* AppDelegate.swift in Sources */ = {isa = PBXBuildFile; fileRef = 65491AFB28F707A40068B0A4 /* AppDelegate.swift */; };
		65491AFE28F707A40068B0A4 /* SceneDelegate.swift in Sources */ = {isa = PBXBuildFile; fileRef = 65491AFD28F707A40068B0A4 /* SceneDelegate.swift */; };
		65491B0528F707A50068B0A4 /* Assets.xcassets in Resources */ = {isa = PBXBuildFile; fileRef = 65491B0428F707A50068B0A4 /* Assets.xcassets */; };
		65491B0828F707A50068B0A4 /* LaunchScreen.storyboard in Resources */ = {isa = PBXBuildFile; fileRef = 65491B0628F707A50068B0A4 /* LaunchScreen.storyboard */; };
		65491B1328F707A50068B0A4 /* TBWeatherTests.swift in Sources */ = {isa = PBXBuildFile; fileRef = 65491B1228F707A50068B0A4 /* TBWeatherTests.swift */; };
		65491B1D28F707A50068B0A4 /* TBWeatherUITests.swift in Sources */ = {isa = PBXBuildFile; fileRef = 65491B1C28F707A50068B0A4 /* TBWeatherUITests.swift */; };
		65491B1F28F707A50068B0A4 /* TBWeatherUITestsLaunchTests.swift in Sources */ = {isa = PBXBuildFile; fileRef = 65491B1E28F707A50068B0A4 /* TBWeatherUITestsLaunchTests.swift */; };
		65EFB99D28F70FC00057F1B4 /* Endpoint.swift in Sources */ = {isa = PBXBuildFile; fileRef = 65EFB99C28F70FC00057F1B4 /* Endpoint.swift */; };
		65EFB9A128F7128C0057F1B4 /* RESTClientInterface.swift in Sources */ = {isa = PBXBuildFile; fileRef = 65EFB9A028F7128C0057F1B4 /* RESTClientInterface.swift */; };
		65EFB9A528F713790057F1B4 /* RESTClient.swift in Sources */ = {isa = PBXBuildFile; fileRef = 65EFB9A428F713790057F1B4 /* RESTClient.swift */; };
		65EFB9A728F713E50057F1B4 /* URLRequestBuilder.swift in Sources */ = {isa = PBXBuildFile; fileRef = 65EFB9A628F713E50057F1B4 /* URLRequestBuilder.swift */; };
		65EFB9A928F716D80057F1B4 /* Endpoint+Extensions.swift in Sources */ = {isa = PBXBuildFile; fileRef = 65EFB9A828F716D80057F1B4 /* Endpoint+Extensions.swift */; };
		65EFB9AB28F7190D0057F1B4 /* URLSession+Extensions.swift in Sources */ = {isa = PBXBuildFile; fileRef = 65EFB9AA28F7190D0057F1B4 /* URLSession+Extensions.swift */; };
		65EFB9AE28F71A580057F1B4 /* WeatherService.swift in Sources */ = {isa = PBXBuildFile; fileRef = 65EFB9AD28F71A580057F1B4 /* WeatherService.swift */; };
		65EFB9B328F732B90057F1B4 /* Weather.swift in Sources */ = {isa = PBXBuildFile; fileRef = 65EFB9B228F732B90057F1B4 /* Weather.swift */; };
		65EFB9B528F748A60057F1B4 /* WeatherCondition.swift in Sources */ = {isa = PBXBuildFile; fileRef = 65EFB9B428F748A60057F1B4 /* WeatherCondition.swift */; };
		65EFB9B728F748BC0057F1B4 /* Coordinate.swift in Sources */ = {isa = PBXBuildFile; fileRef = 65EFB9B628F748BC0057F1B4 /* Coordinate.swift */; };
		65EFB9B928F748D70057F1B4 /* MeasurmentUnit.swift in Sources */ = {isa = PBXBuildFile; fileRef = 65EFB9B828F748D70057F1B4 /* MeasurmentUnit.swift */; };
		65EFB9BB28F7490B0057F1B4 /* WeatherForecast.swift in Sources */ = {isa = PBXBuildFile; fileRef = 65EFB9BA28F7490B0057F1B4 /* WeatherForecast.swift */; };
		65EFB9BD28F7491F0057F1B4 /* Wind.swift in Sources */ = {isa = PBXBuildFile; fileRef = 65EFB9BC28F7491F0057F1B4 /* Wind.swift */; };
		65EFB9C128F74DA80057F1B4 /* Secrets.plist in Resources */ = {isa = PBXBuildFile; fileRef = 65EFB9C028F74DA80057F1B4 /* Secrets.plist */; };
		65EFB9C328F74E1B0057F1B4 /* WeatherEndpoint.swift in Sources */ = {isa = PBXBuildFile; fileRef = 65EFB9C228F74E1B0057F1B4 /* WeatherEndpoint.swift */; };
		65EFB9C628F74E5D0057F1B4 /* ServiceWeatherInterface.swift in Sources */ = {isa = PBXBuildFile; fileRef = 65EFB9C528F74E5D0057F1B4 /* ServiceWeatherInterface.swift */; };
		65EFB9C828F74F3F0057F1B4 /* WeatherSecret.swift in Sources */ = {isa = PBXBuildFile; fileRef = 65EFB9C728F74F3F0057F1B4 /* WeatherSecret.swift */; };
		65EFB9E228F752FE0057F1B4 /* WeatherPresenter.swift in Sources */ = {isa = PBXBuildFile; fileRef = 65EFB9DA28F752FE0057F1B4 /* WeatherPresenter.swift */; };
		65EFB9E328F752FE0057F1B4 /* WeatherWorker.swift in Sources */ = {isa = PBXBuildFile; fileRef = 65EFB9DB28F752FE0057F1B4 /* WeatherWorker.swift */; };
		65EFB9E428F752FE0057F1B4 /* WeatherRouter.swift in Sources */ = {isa = PBXBuildFile; fileRef = 65EFB9DC28F752FE0057F1B4 /* WeatherRouter.swift */; };
		65EFB9E528F752FE0057F1B4 /* WeatherViewController.swift in Sources */ = {isa = PBXBuildFile; fileRef = 65EFB9DD28F752FE0057F1B4 /* WeatherViewController.swift */; };
		65EFB9E628F752FE0057F1B4 /* WeatherInteractor.swift in Sources */ = {isa = PBXBuildFile; fileRef = 65EFB9DE28F752FE0057F1B4 /* WeatherInteractor.swift */; };
		65EFB9E728F752FE0057F1B4 /* WeatherView.swift in Sources */ = {isa = PBXBuildFile; fileRef = 65EFB9DF28F752FE0057F1B4 /* WeatherView.swift */; };
		65EFB9E828F752FE0057F1B4 /* WeatherModel.swift in Sources */ = {isa = PBXBuildFile; fileRef = 65EFB9E028F752FE0057F1B4 /* WeatherModel.swift */; };
		65EFB9E928F752FE0057F1B4 /* WeatherViewModel.swift in Sources */ = {isa = PBXBuildFile; fileRef = 65EFB9E128F752FE0057F1B4 /* WeatherViewModel.swift */; };
		65EFB9EB28F753710057F1B4 /* AppFactory.swift in Sources */ = {isa = PBXBuildFile; fileRef = 65EFB9EA28F753710057F1B4 /* AppFactory.swift */; };
		65EFB9ED28F7549B0057F1B4 /* Router.swift in Sources */ = {isa = PBXBuildFile; fileRef = 65EFB9EC28F7549B0057F1B4 /* Router.swift */; };
		65EFB9EF28F75F4A0057F1B4 /* ForecastView.swift in Sources */ = {isa = PBXBuildFile; fileRef = 65EFB9EE28F75F4A0057F1B4 /* ForecastView.swift */; };
		65EFB9F928F762070057F1B4 /* ViewCodable.swift in Sources */ = {isa = PBXBuildFile; fileRef = 65EFB9F828F762070057F1B4 /* ViewCodable.swift */; };
		65EFB9FC28F763F00057F1B4 /* SDWebImage in Frameworks */ = {isa = PBXBuildFile; productRef = 65EFB9FB28F763F00057F1B4 /* SDWebImage */; };
		65EFB9FF28F76CF40057F1B4 /* Localizable.strings in Resources */ = {isa = PBXBuildFile; fileRef = 65EFB9FE28F76CF40057F1B4 /* Localizable.strings */; };
		65EFBA0128F76DFB0057F1B4 /* Localizable.swift in Sources */ = {isa = PBXBuildFile; fileRef = 65EFBA0028F76DFB0057F1B4 /* Localizable.swift */; };
/* End PBXBuildFile section */

/* Begin PBXContainerItemProxy section */
		65491B0F28F707A50068B0A4 /* PBXContainerItemProxy */ = {
			isa = PBXContainerItemProxy;
			containerPortal = 65491AF028F707A40068B0A4 /* Project object */;
			proxyType = 1;
			remoteGlobalIDString = 65491AF728F707A40068B0A4;
			remoteInfo = TBWeather;
		};
		65491B1928F707A50068B0A4 /* PBXContainerItemProxy */ = {
			isa = PBXContainerItemProxy;
			containerPortal = 65491AF028F707A40068B0A4 /* Project object */;
			proxyType = 1;
			remoteGlobalIDString = 65491AF728F707A40068B0A4;
			remoteInfo = TBWeather;
		};
/* End PBXContainerItemProxy section */

/* Begin PBXFileReference section */
		65491AF828F707A40068B0A4 /* TBWeather.app */ = {isa = PBXFileReference; explicitFileType = wrapper.application; includeInIndex = 0; path = TBWeather.app; sourceTree = BUILT_PRODUCTS_DIR; };
		65491AFB28F707A40068B0A4 /* AppDelegate.swift */ = {isa = PBXFileReference; lastKnownFileType = sourcecode.swift; path = AppDelegate.swift; sourceTree = "<group>"; };
		65491AFD28F707A40068B0A4 /* SceneDelegate.swift */ = {isa = PBXFileReference; lastKnownFileType = sourcecode.swift; path = SceneDelegate.swift; sourceTree = "<group>"; };
		65491B0428F707A50068B0A4 /* Assets.xcassets */ = {isa = PBXFileReference; lastKnownFileType = folder.assetcatalog; path = Assets.xcassets; sourceTree = "<group>"; };
		65491B0728F707A50068B0A4 /* Base */ = {isa = PBXFileReference; lastKnownFileType = file.storyboard; name = Base; path = Base.lproj/LaunchScreen.storyboard; sourceTree = "<group>"; };
		65491B0928F707A50068B0A4 /* Info.plist */ = {isa = PBXFileReference; lastKnownFileType = text.plist.xml; path = Info.plist; sourceTree = "<group>"; };
		65491B0E28F707A50068B0A4 /* TBWeatherTests.xctest */ = {isa = PBXFileReference; explicitFileType = wrapper.cfbundle; includeInIndex = 0; path = TBWeatherTests.xctest; sourceTree = BUILT_PRODUCTS_DIR; };
		65491B1228F707A50068B0A4 /* TBWeatherTests.swift */ = {isa = PBXFileReference; lastKnownFileType = sourcecode.swift; path = TBWeatherTests.swift; sourceTree = "<group>"; };
		65491B1828F707A50068B0A4 /* TBWeatherUITests.xctest */ = {isa = PBXFileReference; explicitFileType = wrapper.cfbundle; includeInIndex = 0; path = TBWeatherUITests.xctest; sourceTree = BUILT_PRODUCTS_DIR; };
		65491B1C28F707A50068B0A4 /* TBWeatherUITests.swift */ = {isa = PBXFileReference; lastKnownFileType = sourcecode.swift; path = TBWeatherUITests.swift; sourceTree = "<group>"; };
		65491B1E28F707A50068B0A4 /* TBWeatherUITestsLaunchTests.swift */ = {isa = PBXFileReference; lastKnownFileType = sourcecode.swift; path = TBWeatherUITestsLaunchTests.swift; sourceTree = "<group>"; };
		65EFB99C28F70FC00057F1B4 /* Endpoint.swift */ = {isa = PBXFileReference; lastKnownFileType = sourcecode.swift; path = Endpoint.swift; sourceTree = "<group>"; };
		65EFB9A028F7128C0057F1B4 /* RESTClientInterface.swift */ = {isa = PBXFileReference; lastKnownFileType = sourcecode.swift; path = RESTClientInterface.swift; sourceTree = "<group>"; };
		65EFB9A428F713790057F1B4 /* RESTClient.swift */ = {isa = PBXFileReference; lastKnownFileType = sourcecode.swift; path = RESTClient.swift; sourceTree = "<group>"; };
		65EFB9A628F713E50057F1B4 /* URLRequestBuilder.swift */ = {isa = PBXFileReference; lastKnownFileType = sourcecode.swift; path = URLRequestBuilder.swift; sourceTree = "<group>"; };
		65EFB9A828F716D80057F1B4 /* Endpoint+Extensions.swift */ = {isa = PBXFileReference; lastKnownFileType = sourcecode.swift; path = "Endpoint+Extensions.swift"; sourceTree = "<group>"; };
		65EFB9AA28F7190D0057F1B4 /* URLSession+Extensions.swift */ = {isa = PBXFileReference; lastKnownFileType = sourcecode.swift; path = "URLSession+Extensions.swift"; sourceTree = "<group>"; };
		65EFB9AD28F71A580057F1B4 /* WeatherService.swift */ = {isa = PBXFileReference; lastKnownFileType = sourcecode.swift; path = WeatherService.swift; sourceTree = "<group>"; };
		65EFB9B228F732B90057F1B4 /* Weather.swift */ = {isa = PBXFileReference; lastKnownFileType = sourcecode.swift; path = Weather.swift; sourceTree = "<group>"; };
		65EFB9B428F748A60057F1B4 /* WeatherCondition.swift */ = {isa = PBXFileReference; lastKnownFileType = sourcecode.swift; path = WeatherCondition.swift; sourceTree = "<group>"; };
		65EFB9B628F748BC0057F1B4 /* Coordinate.swift */ = {isa = PBXFileReference; lastKnownFileType = sourcecode.swift; path = Coordinate.swift; sourceTree = "<group>"; };
		65EFB9B828F748D70057F1B4 /* MeasurmentUnit.swift */ = {isa = PBXFileReference; lastKnownFileType = sourcecode.swift; path = MeasurmentUnit.swift; sourceTree = "<group>"; };
		65EFB9BA28F7490B0057F1B4 /* WeatherForecast.swift */ = {isa = PBXFileReference; lastKnownFileType = sourcecode.swift; path = WeatherForecast.swift; sourceTree = "<group>"; };
		65EFB9BC28F7491F0057F1B4 /* Wind.swift */ = {isa = PBXFileReference; lastKnownFileType = sourcecode.swift; path = Wind.swift; sourceTree = "<group>"; };
		65EFB9C028F74DA80057F1B4 /* Secrets.plist */ = {isa = PBXFileReference; lastKnownFileType = text.plist.xml; path = Secrets.plist; sourceTree = "<group>"; };
		65EFB9C228F74E1B0057F1B4 /* WeatherEndpoint.swift */ = {isa = PBXFileReference; lastKnownFileType = sourcecode.swift; path = WeatherEndpoint.swift; sourceTree = "<group>"; };
		65EFB9C528F74E5D0057F1B4 /* ServiceWeatherInterface.swift */ = {isa = PBXFileReference; lastKnownFileType = sourcecode.swift; path = ServiceWeatherInterface.swift; sourceTree = "<group>"; };
		65EFB9C728F74F3F0057F1B4 /* WeatherSecret.swift */ = {isa = PBXFileReference; lastKnownFileType = sourcecode.swift; path = WeatherSecret.swift; sourceTree = "<group>"; };
		65EFB9DA28F752FE0057F1B4 /* WeatherPresenter.swift */ = {isa = PBXFileReference; lastKnownFileType = sourcecode.swift; path = WeatherPresenter.swift; sourceTree = "<group>"; };
		65EFB9DB28F752FE0057F1B4 /* WeatherWorker.swift */ = {isa = PBXFileReference; lastKnownFileType = sourcecode.swift; path = WeatherWorker.swift; sourceTree = "<group>"; };
		65EFB9DC28F752FE0057F1B4 /* WeatherRouter.swift */ = {isa = PBXFileReference; lastKnownFileType = sourcecode.swift; path = WeatherRouter.swift; sourceTree = "<group>"; };
		65EFB9DD28F752FE0057F1B4 /* WeatherViewController.swift */ = {isa = PBXFileReference; lastKnownFileType = sourcecode.swift; path = WeatherViewController.swift; sourceTree = "<group>"; };
		65EFB9DE28F752FE0057F1B4 /* WeatherInteractor.swift */ = {isa = PBXFileReference; lastKnownFileType = sourcecode.swift; path = WeatherInteractor.swift; sourceTree = "<group>"; };
		65EFB9DF28F752FE0057F1B4 /* WeatherView.swift */ = {isa = PBXFileReference; lastKnownFileType = sourcecode.swift; path = WeatherView.swift; sourceTree = "<group>"; };
		65EFB9E028F752FE0057F1B4 /* WeatherModel.swift */ = {isa = PBXFileReference; lastKnownFileType = sourcecode.swift; path = WeatherModel.swift; sourceTree = "<group>"; };
		65EFB9E128F752FE0057F1B4 /* WeatherViewModel.swift */ = {isa = PBXFileReference; lastKnownFileType = sourcecode.swift; path = WeatherViewModel.swift; sourceTree = "<group>"; };
		65EFB9EA28F753710057F1B4 /* AppFactory.swift */ = {isa = PBXFileReference; lastKnownFileType = sourcecode.swift; path = AppFactory.swift; sourceTree = "<group>"; };
		65EFB9EC28F7549B0057F1B4 /* Router.swift */ = {isa = PBXFileReference; lastKnownFileType = sourcecode.swift; path = Router.swift; sourceTree = "<group>"; };
		65EFB9EE28F75F4A0057F1B4 /* ForecastView.swift */ = {isa = PBXFileReference; lastKnownFileType = sourcecode.swift; path = ForecastView.swift; sourceTree = "<group>"; };
		65EFB9F828F762070057F1B4 /* ViewCodable.swift */ = {isa = PBXFileReference; lastKnownFileType = sourcecode.swift; path = ViewCodable.swift; sourceTree = "<group>"; };
		65EFB9FE28F76CF40057F1B4 /* Localizable.strings */ = {isa = PBXFileReference; lastKnownFileType = text.plist.strings; path = Localizable.strings; sourceTree = "<group>"; };
		65EFBA0028F76DFB0057F1B4 /* Localizable.swift */ = {isa = PBXFileReference; lastKnownFileType = sourcecode.swift; path = Localizable.swift; sourceTree = "<group>"; };
/* End PBXFileReference section */

/* Begin PBXFrameworksBuildPhase section */
		65491AF528F707A40068B0A4 /* Frameworks */ = {
			isa = PBXFrameworksBuildPhase;
			buildActionMask = 2147483647;
			files = (
				65EFB9FC28F763F00057F1B4 /* SDWebImage in Frameworks */,
			);
			runOnlyForDeploymentPostprocessing = 0;
		};
		65491B0B28F707A50068B0A4 /* Frameworks */ = {
			isa = PBXFrameworksBuildPhase;
			buildActionMask = 2147483647;
			files = (
			);
			runOnlyForDeploymentPostprocessing = 0;
		};
		65491B1528F707A50068B0A4 /* Frameworks */ = {
			isa = PBXFrameworksBuildPhase;
			buildActionMask = 2147483647;
			files = (
			);
			runOnlyForDeploymentPostprocessing = 0;
		};
/* End PBXFrameworksBuildPhase section */

/* Begin PBXGroup section */
		65491AEF28F707A40068B0A4 = {
			isa = PBXGroup;
			children = (
				65491AFA28F707A40068B0A4 /* TBWeather */,
				65491B1128F707A50068B0A4 /* TBWeatherTests */,
				65491B1B28F707A50068B0A4 /* TBWeatherUITests */,
				65491AF928F707A40068B0A4 /* Products */,
			);
			sourceTree = "<group>";
		};
		65491AF928F707A40068B0A4 /* Products */ = {
			isa = PBXGroup;
			children = (
				65491AF828F707A40068B0A4 /* TBWeather.app */,
				65491B0E28F707A50068B0A4 /* TBWeatherTests.xctest */,
				65491B1828F707A50068B0A4 /* TBWeatherUITests.xctest */,
			);
			name = Products;
			sourceTree = "<group>";
		};
		65491AFA28F707A40068B0A4 /* TBWeather */ = {
			isa = PBXGroup;
			children = (
				65491B2F28F709800068B0A4 /* Source */,
				65491B2B28F709180068B0A4 /* Resource */,
			);
			path = TBWeather;
			sourceTree = "<group>";
		};
		65491B1128F707A50068B0A4 /* TBWeatherTests */ = {
			isa = PBXGroup;
			children = (
				65491B1228F707A50068B0A4 /* TBWeatherTests.swift */,
			);
			path = TBWeatherTests;
			sourceTree = "<group>";
		};
		65491B1B28F707A50068B0A4 /* TBWeatherUITests */ = {
			isa = PBXGroup;
			children = (
				65491B1C28F707A50068B0A4 /* TBWeatherUITests.swift */,
				65491B1E28F707A50068B0A4 /* TBWeatherUITestsLaunchTests.swift */,
			);
			path = TBWeatherUITests;
			sourceTree = "<group>";
		};
		65491B2B28F709180068B0A4 /* Resource */ = {
			isa = PBXGroup;
			children = (
				65EFB9FD28F76CDE0057F1B4 /* Localization */,
				65491B2E28F709670068B0A4 /* LaunchScreen */,
				65491B2D28F709550068B0A4 /* Properties */,
				65491B2C28F7092A0068B0A4 /* Assets */,
			);
			path = Resource;
			sourceTree = "<group>";
		};
		65491B2C28F7092A0068B0A4 /* Assets */ = {
			isa = PBXGroup;
			children = (
				65491B0428F707A50068B0A4 /* Assets.xcassets */,
			);
			path = Assets;
			sourceTree = "<group>";
		};
		65491B2D28F709550068B0A4 /* Properties */ = {
			isa = PBXGroup;
			children = (
				65491B0928F707A50068B0A4 /* Info.plist */,
				65EFB9C028F74DA80057F1B4 /* Secrets.plist */,
			);
			path = Properties;
			sourceTree = "<group>";
		};
		65491B2E28F709670068B0A4 /* LaunchScreen */ = {
			isa = PBXGroup;
			children = (
				65491B0628F707A50068B0A4 /* LaunchScreen.storyboard */,
			);
			path = LaunchScreen;
			sourceTree = "<group>";
		};
		65491B2F28F709800068B0A4 /* Source */ = {
			isa = PBXGroup;
			children = (
				65EFB9F728F761F10057F1B4 /* Utils */,
				65EFB9AF28F731C30057F1B4 /* Core */,
				65EFB99B28F70EFA0057F1B4 /* Network */,
				65491B3128F709950068B0A4 /* Modules */,
				65491B3028F709870068B0A4 /* Application */,
			);
			path = Source;
			sourceTree = "<group>";
		};
		65491B3028F709870068B0A4 /* Application */ = {
			isa = PBXGroup;
			children = (
				65491AFB28F707A40068B0A4 /* AppDelegate.swift */,
				65491AFD28F707A40068B0A4 /* SceneDelegate.swift */,
				65EFB9EA28F753710057F1B4 /* AppFactory.swift */,
				65EFB9EC28F7549B0057F1B4 /* Router.swift */,
			);
			path = Application;
			sourceTree = "<group>";
		};
		65491B3128F709950068B0A4 /* Modules */ = {
			isa = PBXGroup;
			children = (
				65EFB9C928F7521C0057F1B4 /* Weather */,
			);
			path = Modules;
			sourceTree = "<group>";
		};
		65EFB99B28F70EFA0057F1B4 /* Network */ = {
			isa = PBXGroup;
			children = (
				65EFB9AC28F71A3B0057F1B4 /* WeatherService */,
				65EFB9A328F7130A0057F1B4 /* RESTClient */,
				65EFB9A228F712F60057F1B4 /* Interface */,
			);
			path = Network;
			sourceTree = "<group>";
		};
		65EFB9A228F712F60057F1B4 /* Interface */ = {
			isa = PBXGroup;
			children = (
				65EFB9C428F74E2E0057F1B4 /* Services */,
				65EFB99C28F70FC00057F1B4 /* Endpoint.swift */,
				65EFB9A028F7128C0057F1B4 /* RESTClientInterface.swift */,
			);
			path = Interface;
			sourceTree = "<group>";
		};
		65EFB9A328F7130A0057F1B4 /* RESTClient */ = {
			isa = PBXGroup;
			children = (
				65EFB9A428F713790057F1B4 /* RESTClient.swift */,
				65EFB9A628F713E50057F1B4 /* URLRequestBuilder.swift */,
				65EFB9A828F716D80057F1B4 /* Endpoint+Extensions.swift */,
				65EFB9AA28F7190D0057F1B4 /* URLSession+Extensions.swift */,
			);
			path = RESTClient;
			sourceTree = "<group>";
		};
		65EFB9AC28F71A3B0057F1B4 /* WeatherService */ = {
			isa = PBXGroup;
			children = (
				65EFB9AD28F71A580057F1B4 /* WeatherService.swift */,
				65EFB9C228F74E1B0057F1B4 /* WeatherEndpoint.swift */,
				65EFB9C728F74F3F0057F1B4 /* WeatherSecret.swift */,
			);
			path = WeatherService;
			sourceTree = "<group>";
		};
		65EFB9AF28F731C30057F1B4 /* Core */ = {
			isa = PBXGroup;
			children = (
				65EFB9B028F731CA0057F1B4 /* Models */,
			);
			path = Core;
			sourceTree = "<group>";
		};
		65EFB9B028F731CA0057F1B4 /* Models */ = {
			isa = PBXGroup;
			children = (
				65EFB9B228F732B90057F1B4 /* Weather.swift */,
				65EFB9B428F748A60057F1B4 /* WeatherCondition.swift */,
				65EFB9B628F748BC0057F1B4 /* Coordinate.swift */,
				65EFB9B828F748D70057F1B4 /* MeasurmentUnit.swift */,
				65EFB9BA28F7490B0057F1B4 /* WeatherForecast.swift */,
				65EFB9BC28F7491F0057F1B4 /* Wind.swift */,
			);
			path = Models;
			sourceTree = "<group>";
		};
		65EFB9C428F74E2E0057F1B4 /* Services */ = {
			isa = PBXGroup;
			children = (
				65EFB9C528F74E5D0057F1B4 /* ServiceWeatherInterface.swift */,
			);
			path = Services;
			sourceTree = "<group>";
		};
		65EFB9C928F7521C0057F1B4 /* Weather */ = {
			isa = PBXGroup;
			children = (
				65EFB9F628F75F870057F1B4 /* Controller */,
				65EFB9F528F75F7F0057F1B4 /* Router */,
				65EFB9F428F75F770057F1B4 /* Worker */,
				65EFB9F328F75F6C0057F1B4 /* Models */,
				65EFB9F228F75F5F0057F1B4 /* Interactor */,
				65EFB9F128F75F560057F1B4 /* Presenter */,
				65EFB9F028F75F4E0057F1B4 /* View */,
			);
			path = Weather;
			sourceTree = "<group>";
		};
		65EFB9F028F75F4E0057F1B4 /* View */ = {
			isa = PBXGroup;
			children = (
				65EFB9DF28F752FE0057F1B4 /* WeatherView.swift */,
				65EFB9EE28F75F4A0057F1B4 /* ForecastView.swift */,
			);
			path = View;
			sourceTree = "<group>";
		};
		65EFB9F128F75F560057F1B4 /* Presenter */ = {
			isa = PBXGroup;
			children = (
				65EFB9DA28F752FE0057F1B4 /* WeatherPresenter.swift */,
			);
			path = Presenter;
			sourceTree = "<group>";
		};
		65EFB9F228F75F5F0057F1B4 /* Interactor */ = {
			isa = PBXGroup;
			children = (
				65EFB9DE28F752FE0057F1B4 /* WeatherInteractor.swift */,
			);
			path = Interactor;
			sourceTree = "<group>";
		};
		65EFB9F328F75F6C0057F1B4 /* Models */ = {
			isa = PBXGroup;
			children = (
				65EFB9E028F752FE0057F1B4 /* WeatherModel.swift */,
				65EFB9E128F752FE0057F1B4 /* WeatherViewModel.swift */,
			);
			path = Models;
			sourceTree = "<group>";
		};
		65EFB9F428F75F770057F1B4 /* Worker */ = {
			isa = PBXGroup;
			children = (
				65EFB9DB28F752FE0057F1B4 /* WeatherWorker.swift */,
			);
			path = Worker;
			sourceTree = "<group>";
		};
		65EFB9F528F75F7F0057F1B4 /* Router */ = {
			isa = PBXGroup;
			children = (
				65EFB9DC28F752FE0057F1B4 /* WeatherRouter.swift */,
			);
			path = Router;
			sourceTree = "<group>";
		};
		65EFB9F628F75F870057F1B4 /* Controller */ = {
			isa = PBXGroup;
			children = (
				65EFB9DD28F752FE0057F1B4 /* WeatherViewController.swift */,
			);
			path = Controller;
			sourceTree = "<group>";
		};
		65EFB9F728F761F10057F1B4 /* Utils */ = {
			isa = PBXGroup;
			children = (
				65EFB9F828F762070057F1B4 /* ViewCodable.swift */,
				65EFBA0028F76DFB0057F1B4 /* Localizable.swift */,
			);
			path = Utils;
			sourceTree = "<group>";
		};
		65EFB9FD28F76CDE0057F1B4 /* Localization */ = {
			isa = PBXGroup;
			children = (
				65EFB9FE28F76CF40057F1B4 /* Localizable.strings */,
			);
			path = Localization;
			sourceTree = "<group>";
		};
/* End PBXGroup section */

/* Begin PBXNativeTarget section */
		65491AF728F707A40068B0A4 /* TBWeather */ = {
			isa = PBXNativeTarget;
			buildConfigurationList = 65491B2228F707A50068B0A4 /* Build configuration list for PBXNativeTarget "TBWeather" */;
			buildPhases = (
				65491AF428F707A40068B0A4 /* Sources */,
				65491AF528F707A40068B0A4 /* Frameworks */,
				65491AF628F707A40068B0A4 /* Resources */,
			);
			buildRules = (
			);
			dependencies = (
			);
			name = TBWeather;
			packageProductDependencies = (
				65EFB9FB28F763F00057F1B4 /* SDWebImage */,
			);
			productName = TBWeather;
			productReference = 65491AF828F707A40068B0A4 /* TBWeather.app */;
			productType = "com.apple.product-type.application";
		};
		65491B0D28F707A50068B0A4 /* TBWeatherTests */ = {
			isa = PBXNativeTarget;
			buildConfigurationList = 65491B2528F707A50068B0A4 /* Build configuration list for PBXNativeTarget "TBWeatherTests" */;
			buildPhases = (
				65491B0A28F707A50068B0A4 /* Sources */,
				65491B0B28F707A50068B0A4 /* Frameworks */,
				65491B0C28F707A50068B0A4 /* Resources */,
			);
			buildRules = (
			);
			dependencies = (
				65491B1028F707A50068B0A4 /* PBXTargetDependency */,
			);
			name = TBWeatherTests;
			productName = TBWeatherTests;
			productReference = 65491B0E28F707A50068B0A4 /* TBWeatherTests.xctest */;
			productType = "com.apple.product-type.bundle.unit-test";
		};
		65491B1728F707A50068B0A4 /* TBWeatherUITests */ = {
			isa = PBXNativeTarget;
			buildConfigurationList = 65491B2828F707A50068B0A4 /* Build configuration list for PBXNativeTarget "TBWeatherUITests" */;
			buildPhases = (
				65491B1428F707A50068B0A4 /* Sources */,
				65491B1528F707A50068B0A4 /* Frameworks */,
				65491B1628F707A50068B0A4 /* Resources */,
			);
			buildRules = (
			);
			dependencies = (
				65491B1A28F707A50068B0A4 /* PBXTargetDependency */,
			);
			name = TBWeatherUITests;
			productName = TBWeatherUITests;
			productReference = 65491B1828F707A50068B0A4 /* TBWeatherUITests.xctest */;
			productType = "com.apple.product-type.bundle.ui-testing";
		};
/* End PBXNativeTarget section */

/* Begin PBXProject section */
		65491AF028F707A40068B0A4 /* Project object */ = {
			isa = PBXProject;
			attributes = {
				BuildIndependentTargetsInParallel = 1;
				LastSwiftUpdateCheck = 1340;
				LastUpgradeCheck = 1340;
				ORGANIZATIONNAME = TBZN;
				TargetAttributes = {
					65491AF728F707A40068B0A4 = {
						CreatedOnToolsVersion = 13.4;
					};
					65491B0D28F707A50068B0A4 = {
						CreatedOnToolsVersion = 13.4;
						TestTargetID = 65491AF728F707A40068B0A4;
					};
					65491B1728F707A50068B0A4 = {
						CreatedOnToolsVersion = 13.4;
						TestTargetID = 65491AF728F707A40068B0A4;
					};
				};
			};
			buildConfigurationList = 65491AF328F707A40068B0A4 /* Build configuration list for PBXProject "TBWeather" */;
			compatibilityVersion = "Xcode 13.0";
			developmentRegion = en;
			hasScannedForEncodings = 0;
			knownRegions = (
				en,
				Base,
			);
			mainGroup = 65491AEF28F707A40068B0A4;
			packageReferences = (
				65EFB9FA28F763EF0057F1B4 /* XCRemoteSwiftPackageReference "SDWebImage" */,
			);
			productRefGroup = 65491AF928F707A40068B0A4 /* Products */;
			projectDirPath = "";
			projectRoot = "";
			targets = (
				65491AF728F707A40068B0A4 /* TBWeather */,
				65491B0D28F707A50068B0A4 /* TBWeatherTests */,
				65491B1728F707A50068B0A4 /* TBWeatherUITests */,
			);
		};
/* End PBXProject section */

/* Begin PBXResourcesBuildPhase section */
		65491AF628F707A40068B0A4 /* Resources */ = {
			isa = PBXResourcesBuildPhase;
			buildActionMask = 2147483647;
			files = (
				65491B0828F707A50068B0A4 /* LaunchScreen.storyboard in Resources */,
				65EFB9FF28F76CF40057F1B4 /* Localizable.strings in Resources */,
				65EFB9C128F74DA80057F1B4 /* Secrets.plist in Resources */,
				65491B0528F707A50068B0A4 /* Assets.xcassets in Resources */,
			);
			runOnlyForDeploymentPostprocessing = 0;
		};
		65491B0C28F707A50068B0A4 /* Resources */ = {
			isa = PBXResourcesBuildPhase;
			buildActionMask = 2147483647;
			files = (
			);
			runOnlyForDeploymentPostprocessing = 0;
		};
		65491B1628F707A50068B0A4 /* Resources */ = {
			isa = PBXResourcesBuildPhase;
			buildActionMask = 2147483647;
			files = (
			);
			runOnlyForDeploymentPostprocessing = 0;
		};
/* End PBXResourcesBuildPhase section */

/* Begin PBXSourcesBuildPhase section */
		65491AF428F707A40068B0A4 /* Sources */ = {
			isa = PBXSourcesBuildPhase;
			buildActionMask = 2147483647;
			files = (
				65EFB9C828F74F3F0057F1B4 /* WeatherSecret.swift in Sources */,
				65EFB9AE28F71A580057F1B4 /* WeatherService.swift in Sources */,
				65EFB9E328F752FE0057F1B4 /* WeatherWorker.swift in Sources */,
				65EFB9A928F716D80057F1B4 /* Endpoint+Extensions.swift in Sources */,
				65EFB9A728F713E50057F1B4 /* URLRequestBuilder.swift in Sources */,
				65EFB9F928F762070057F1B4 /* ViewCodable.swift in Sources */,
				65EFB9E628F752FE0057F1B4 /* WeatherInteractor.swift in Sources */,
				65EFB9B328F732B90057F1B4 /* Weather.swift in Sources */,
				65EFBA0128F76DFB0057F1B4 /* Localizable.swift in Sources */,
				65EFB9E228F752FE0057F1B4 /* WeatherPresenter.swift in Sources */,
				65EFB9E428F752FE0057F1B4 /* WeatherRouter.swift in Sources */,
				65EFB9EB28F753710057F1B4 /* AppFactory.swift in Sources */,
				65EFB9B528F748A60057F1B4 /* WeatherCondition.swift in Sources */,
				65EFB9E928F752FE0057F1B4 /* WeatherViewModel.swift in Sources */,
				65EFB9E728F752FE0057F1B4 /* WeatherView.swift in Sources */,
				65EFB9C328F74E1B0057F1B4 /* WeatherEndpoint.swift in Sources */,
				65EFB9BB28F7490B0057F1B4 /* WeatherForecast.swift in Sources */,
				65EFB9BD28F7491F0057F1B4 /* Wind.swift in Sources */,
				65EFB9B928F748D70057F1B4 /* MeasurmentUnit.swift in Sources */,
				65EFB9A128F7128C0057F1B4 /* RESTClientInterface.swift in Sources */,
				65EFB9E528F752FE0057F1B4 /* WeatherViewController.swift in Sources */,
				65EFB9EF28F75F4A0057F1B4 /* ForecastView.swift in Sources */,
				65EFB9E828F752FE0057F1B4 /* WeatherModel.swift in Sources */,
				65491AFC28F707A40068B0A4 /* AppDelegate.swift in Sources */,
				65EFB99D28F70FC00057F1B4 /* Endpoint.swift in Sources */,
				65EFB9B728F748BC0057F1B4 /* Coordinate.swift in Sources */,
				65EFB9C628F74E5D0057F1B4 /* ServiceWeatherInterface.swift in Sources */,
				65EFB9ED28F7549B0057F1B4 /* Router.swift in Sources */,
				65EFB9A528F713790057F1B4 /* RESTClient.swift in Sources */,
				65491AFE28F707A40068B0A4 /* SceneDelegate.swift in Sources */,
				65EFB9AB28F7190D0057F1B4 /* URLSession+Extensions.swift in Sources */,
			);
			runOnlyForDeploymentPostprocessing = 0;
		};
		65491B0A28F707A50068B0A4 /* Sources */ = {
			isa = PBXSourcesBuildPhase;
			buildActionMask = 2147483647;
			files = (
				65491B1328F707A50068B0A4 /* TBWeatherTests.swift in Sources */,
			);
			runOnlyForDeploymentPostprocessing = 0;
		};
		65491B1428F707A50068B0A4 /* Sources */ = {
			isa = PBXSourcesBuildPhase;
			buildActionMask = 2147483647;
			files = (
				65491B1D28F707A50068B0A4 /* TBWeatherUITests.swift in Sources */,
				65491B1F28F707A50068B0A4 /* TBWeatherUITestsLaunchTests.swift in Sources */,
			);
			runOnlyForDeploymentPostprocessing = 0;
		};
/* End PBXSourcesBuildPhase section */

/* Begin PBXTargetDependency section */
		65491B1028F707A50068B0A4 /* PBXTargetDependency */ = {
			isa = PBXTargetDependency;
			target = 65491AF728F707A40068B0A4 /* TBWeather */;
			targetProxy = 65491B0F28F707A50068B0A4 /* PBXContainerItemProxy */;
		};
		65491B1A28F707A50068B0A4 /* PBXTargetDependency */ = {
			isa = PBXTargetDependency;
			target = 65491AF728F707A40068B0A4 /* TBWeather */;
			targetProxy = 65491B1928F707A50068B0A4 /* PBXContainerItemProxy */;
		};
/* End PBXTargetDependency section */

/* Begin PBXVariantGroup section */
		65491B0628F707A50068B0A4 /* LaunchScreen.storyboard */ = {
			isa = PBXVariantGroup;
			children = (
				65491B0728F707A50068B0A4 /* Base */,
			);
			name = LaunchScreen.storyboard;
			sourceTree = "<group>";
		};
/* End PBXVariantGroup section */

/* Begin XCBuildConfiguration section */
		65491B2028F707A50068B0A4 /* Debug */ = {
			isa = XCBuildConfiguration;
			buildSettings = {
				ALWAYS_SEARCH_USER_PATHS = NO;
				CLANG_ANALYZER_NONNULL = YES;
				CLANG_ANALYZER_NUMBER_OBJECT_CONVERSION = YES_AGGRESSIVE;
				CLANG_CXX_LANGUAGE_STANDARD = "gnu++17";
				CLANG_ENABLE_MODULES = YES;
				CLANG_ENABLE_OBJC_ARC = YES;
				CLANG_ENABLE_OBJC_WEAK = YES;
				CLANG_WARN_BLOCK_CAPTURE_AUTORELEASING = YES;
				CLANG_WARN_BOOL_CONVERSION = YES;
				CLANG_WARN_COMMA = YES;
				CLANG_WARN_CONSTANT_CONVERSION = YES;
				CLANG_WARN_DEPRECATED_OBJC_IMPLEMENTATIONS = YES;
				CLANG_WARN_DIRECT_OBJC_ISA_USAGE = YES_ERROR;
				CLANG_WARN_DOCUMENTATION_COMMENTS = YES;
				CLANG_WARN_EMPTY_BODY = YES;
				CLANG_WARN_ENUM_CONVERSION = YES;
				CLANG_WARN_INFINITE_RECURSION = YES;
				CLANG_WARN_INT_CONVERSION = YES;
				CLANG_WARN_NON_LITERAL_NULL_CONVERSION = YES;
				CLANG_WARN_OBJC_IMPLICIT_RETAIN_SELF = YES;
				CLANG_WARN_OBJC_LITERAL_CONVERSION = YES;
				CLANG_WARN_OBJC_ROOT_CLASS = YES_ERROR;
				CLANG_WARN_QUOTED_INCLUDE_IN_FRAMEWORK_HEADER = YES;
				CLANG_WARN_RANGE_LOOP_ANALYSIS = YES;
				CLANG_WARN_STRICT_PROTOTYPES = YES;
				CLANG_WARN_SUSPICIOUS_MOVE = YES;
				CLANG_WARN_UNGUARDED_AVAILABILITY = YES_AGGRESSIVE;
				CLANG_WARN_UNREACHABLE_CODE = YES;
				CLANG_WARN__DUPLICATE_METHOD_MATCH = YES;
				COPY_PHASE_STRIP = NO;
				DEBUG_INFORMATION_FORMAT = dwarf;
				ENABLE_STRICT_OBJC_MSGSEND = YES;
				ENABLE_TESTABILITY = YES;
				GCC_C_LANGUAGE_STANDARD = gnu11;
				GCC_DYNAMIC_NO_PIC = NO;
				GCC_NO_COMMON_BLOCKS = YES;
				GCC_OPTIMIZATION_LEVEL = 0;
				GCC_PREPROCESSOR_DEFINITIONS = (
					"DEBUG=1",
					"$(inherited)",
				);
				GCC_WARN_64_TO_32_BIT_CONVERSION = YES;
				GCC_WARN_ABOUT_RETURN_TYPE = YES_ERROR;
				GCC_WARN_UNDECLARED_SELECTOR = YES;
				GCC_WARN_UNINITIALIZED_AUTOS = YES_AGGRESSIVE;
				GCC_WARN_UNUSED_FUNCTION = YES;
				GCC_WARN_UNUSED_VARIABLE = YES;
				IPHONEOS_DEPLOYMENT_TARGET = 15.5;
				MTL_ENABLE_DEBUG_INFO = INCLUDE_SOURCE;
				MTL_FAST_MATH = YES;
				ONLY_ACTIVE_ARCH = YES;
				SDKROOT = iphoneos;
				SWIFT_ACTIVE_COMPILATION_CONDITIONS = DEBUG;
				SWIFT_OPTIMIZATION_LEVEL = "-Onone";
			};
			name = Debug;
		};
		65491B2128F707A50068B0A4 /* Release */ = {
			isa = XCBuildConfiguration;
			buildSettings = {
				ALWAYS_SEARCH_USER_PATHS = NO;
				CLANG_ANALYZER_NONNULL = YES;
				CLANG_ANALYZER_NUMBER_OBJECT_CONVERSION = YES_AGGRESSIVE;
				CLANG_CXX_LANGUAGE_STANDARD = "gnu++17";
				CLANG_ENABLE_MODULES = YES;
				CLANG_ENABLE_OBJC_ARC = YES;
				CLANG_ENABLE_OBJC_WEAK = YES;
				CLANG_WARN_BLOCK_CAPTURE_AUTORELEASING = YES;
				CLANG_WARN_BOOL_CONVERSION = YES;
				CLANG_WARN_COMMA = YES;
				CLANG_WARN_CONSTANT_CONVERSION = YES;
				CLANG_WARN_DEPRECATED_OBJC_IMPLEMENTATIONS = YES;
				CLANG_WARN_DIRECT_OBJC_ISA_USAGE = YES_ERROR;
				CLANG_WARN_DOCUMENTATION_COMMENTS = YES;
				CLANG_WARN_EMPTY_BODY = YES;
				CLANG_WARN_ENUM_CONVERSION = YES;
				CLANG_WARN_INFINITE_RECURSION = YES;
				CLANG_WARN_INT_CONVERSION = YES;
				CLANG_WARN_NON_LITERAL_NULL_CONVERSION = YES;
				CLANG_WARN_OBJC_IMPLICIT_RETAIN_SELF = YES;
				CLANG_WARN_OBJC_LITERAL_CONVERSION = YES;
				CLANG_WARN_OBJC_ROOT_CLASS = YES_ERROR;
				CLANG_WARN_QUOTED_INCLUDE_IN_FRAMEWORK_HEADER = YES;
				CLANG_WARN_RANGE_LOOP_ANALYSIS = YES;
				CLANG_WARN_STRICT_PROTOTYPES = YES;
				CLANG_WARN_SUSPICIOUS_MOVE = YES;
				CLANG_WARN_UNGUARDED_AVAILABILITY = YES_AGGRESSIVE;
				CLANG_WARN_UNREACHABLE_CODE = YES;
				CLANG_WARN__DUPLICATE_METHOD_MATCH = YES;
				COPY_PHASE_STRIP = NO;
				DEBUG_INFORMATION_FORMAT = "dwarf-with-dsym";
				ENABLE_NS_ASSERTIONS = NO;
				ENABLE_STRICT_OBJC_MSGSEND = YES;
				GCC_C_LANGUAGE_STANDARD = gnu11;
				GCC_NO_COMMON_BLOCKS = YES;
				GCC_WARN_64_TO_32_BIT_CONVERSION = YES;
				GCC_WARN_ABOUT_RETURN_TYPE = YES_ERROR;
				GCC_WARN_UNDECLARED_SELECTOR = YES;
				GCC_WARN_UNINITIALIZED_AUTOS = YES_AGGRESSIVE;
				GCC_WARN_UNUSED_FUNCTION = YES;
				GCC_WARN_UNUSED_VARIABLE = YES;
				IPHONEOS_DEPLOYMENT_TARGET = 15.5;
				MTL_ENABLE_DEBUG_INFO = NO;
				MTL_FAST_MATH = YES;
				SDKROOT = iphoneos;
				SWIFT_COMPILATION_MODE = wholemodule;
				SWIFT_OPTIMIZATION_LEVEL = "-O";
				VALIDATE_PRODUCT = YES;
			};
			name = Release;
		};
		65491B2328F707A50068B0A4 /* Debug */ = {
			isa = XCBuildConfiguration;
			buildSettings = {
				ASSETCATALOG_COMPILER_APPICON_NAME = AppIcon;
				ASSETCATALOG_COMPILER_GLOBAL_ACCENT_COLOR_NAME = AccentColor;
				CODE_SIGN_STYLE = Automatic;
				CURRENT_PROJECT_VERSION = 1;
				GENERATE_INFOPLIST_FILE = YES;
				INFOPLIST_FILE = TBWeather/Resource/Properties/Info.plist;
				INFOPLIST_KEY_UIApplicationSupportsIndirectInputEvents = YES;
				INFOPLIST_KEY_UILaunchStoryboardName = LaunchScreen;
				INFOPLIST_KEY_UISupportedInterfaceOrientations_iPad = "UIInterfaceOrientationPortrait UIInterfaceOrientationPortraitUpsideDown UIInterfaceOrientationLandscapeLeft UIInterfaceOrientationLandscapeRight";
				INFOPLIST_KEY_UISupportedInterfaceOrientations_iPhone = "UIInterfaceOrientationPortrait UIInterfaceOrientationLandscapeLeft UIInterfaceOrientationLandscapeRight";
				IPHONEOS_DEPLOYMENT_TARGET = 13.0;
				LD_RUNPATH_SEARCH_PATHS = (
					"$(inherited)",
					"@executable_path/Frameworks",
				);
				MARKETING_VERSION = 1.0;
				PRODUCT_BUNDLE_IDENTIFIER = com.tbzn.TBWeather;
				PRODUCT_NAME = "$(TARGET_NAME)";
				SWIFT_EMIT_LOC_STRINGS = YES;
				SWIFT_VERSION = 5.0;
				TARGETED_DEVICE_FAMILY = "1,2";
			};
			name = Debug;
		};
		65491B2428F707A50068B0A4 /* Release */ = {
			isa = XCBuildConfiguration;
			buildSettings = {
				ASSETCATALOG_COMPILER_APPICON_NAME = AppIcon;
				ASSETCATALOG_COMPILER_GLOBAL_ACCENT_COLOR_NAME = AccentColor;
				CODE_SIGN_STYLE = Automatic;
				CURRENT_PROJECT_VERSION = 1;
				GENERATE_INFOPLIST_FILE = YES;
				INFOPLIST_FILE = TBWeather/Resource/Properties/Info.plist;
				INFOPLIST_KEY_UIApplicationSupportsIndirectInputEvents = YES;
				INFOPLIST_KEY_UILaunchStoryboardName = LaunchScreen;
				INFOPLIST_KEY_UISupportedInterfaceOrientations_iPad = "UIInterfaceOrientationPortrait UIInterfaceOrientationPortraitUpsideDown UIInterfaceOrientationLandscapeLeft UIInterfaceOrientationLandscapeRight";
				INFOPLIST_KEY_UISupportedInterfaceOrientations_iPhone = "UIInterfaceOrientationPortrait UIInterfaceOrientationLandscapeLeft UIInterfaceOrientationLandscapeRight";
				IPHONEOS_DEPLOYMENT_TARGET = 13.0;
				LD_RUNPATH_SEARCH_PATHS = (
					"$(inherited)",
					"@executable_path/Frameworks",
				);
				MARKETING_VERSION = 1.0;
				PRODUCT_BUNDLE_IDENTIFIER = com.tbzn.TBWeather;
				PRODUCT_NAME = "$(TARGET_NAME)";
				SWIFT_EMIT_LOC_STRINGS = YES;
				SWIFT_VERSION = 5.0;
				TARGETED_DEVICE_FAMILY = "1,2";
			};
			name = Release;
		};
		65491B2628F707A50068B0A4 /* Debug */ = {
			isa = XCBuildConfiguration;
			buildSettings = {
				ALWAYS_EMBED_SWIFT_STANDARD_LIBRARIES = YES;
				BUNDLE_LOADER = "$(TEST_HOST)";
				CODE_SIGN_STYLE = Automatic;
				CURRENT_PROJECT_VERSION = 1;
				GENERATE_INFOPLIST_FILE = YES;
				IPHONEOS_DEPLOYMENT_TARGET = 15.5;
				MARKETING_VERSION = 1.0;
				PRODUCT_BUNDLE_IDENTIFIER = com.tbzn.TBWeatherTests;
				PRODUCT_NAME = "$(TARGET_NAME)";
				SWIFT_EMIT_LOC_STRINGS = NO;
				SWIFT_VERSION = 5.0;
				TARGETED_DEVICE_FAMILY = "1,2";
				TEST_HOST = "$(BUILT_PRODUCTS_DIR)/TBWeather.app/TBWeather";
			};
			name = Debug;
		};
		65491B2728F707A50068B0A4 /* Release */ = {
			isa = XCBuildConfiguration;
			buildSettings = {
				ALWAYS_EMBED_SWIFT_STANDARD_LIBRARIES = YES;
				BUNDLE_LOADER = "$(TEST_HOST)";
				CODE_SIGN_STYLE = Automatic;
				CURRENT_PROJECT_VERSION = 1;
				GENERATE_INFOPLIST_FILE = YES;
				IPHONEOS_DEPLOYMENT_TARGET = 15.5;
				MARKETING_VERSION = 1.0;
				PRODUCT_BUNDLE_IDENTIFIER = com.tbzn.TBWeatherTests;
				PRODUCT_NAME = "$(TARGET_NAME)";
				SWIFT_EMIT_LOC_STRINGS = NO;
				SWIFT_VERSION = 5.0;
				TARGETED_DEVICE_FAMILY = "1,2";
				TEST_HOST = "$(BUILT_PRODUCTS_DIR)/TBWeather.app/TBWeather";
			};
			name = Release;
		};
		65491B2928F707A50068B0A4 /* Debug */ = {
			isa = XCBuildConfiguration;
			buildSettings = {
				ALWAYS_EMBED_SWIFT_STANDARD_LIBRARIES = YES;
				CODE_SIGN_STYLE = Automatic;
				CURRENT_PROJECT_VERSION = 1;
				GENERATE_INFOPLIST_FILE = YES;
				MARKETING_VERSION = 1.0;
				PRODUCT_BUNDLE_IDENTIFIER = com.tbzn.TBWeatherUITests;
				PRODUCT_NAME = "$(TARGET_NAME)";
				SWIFT_EMIT_LOC_STRINGS = NO;
				SWIFT_VERSION = 5.0;
				TARGETED_DEVICE_FAMILY = "1,2";
				TEST_TARGET_NAME = TBWeather;
			};
			name = Debug;
		};
		65491B2A28F707A50068B0A4 /* Release */ = {
			isa = XCBuildConfiguration;
			buildSettings = {
				ALWAYS_EMBED_SWIFT_STANDARD_LIBRARIES = YES;
				CODE_SIGN_STYLE = Automatic;
				CURRENT_PROJECT_VERSION = 1;
				GENERATE_INFOPLIST_FILE = YES;
				MARKETING_VERSION = 1.0;
				PRODUCT_BUNDLE_IDENTIFIER = com.tbzn.TBWeatherUITests;
				PRODUCT_NAME = "$(TARGET_NAME)";
				SWIFT_EMIT_LOC_STRINGS = NO;
				SWIFT_VERSION = 5.0;
				TARGETED_DEVICE_FAMILY = "1,2";
				TEST_TARGET_NAME = TBWeather;
			};
			name = Release;
		};
/* End XCBuildConfiguration section */

/* Begin XCConfigurationList section */
		65491AF328F707A40068B0A4 /* Build configuration list for PBXProject "TBWeather" */ = {
			isa = XCConfigurationList;
			buildConfigurations = (
				65491B2028F707A50068B0A4 /* Debug */,
				65491B2128F707A50068B0A4 /* Release */,
			);
			defaultConfigurationIsVisible = 0;
			defaultConfigurationName = Release;
		};
		65491B2228F707A50068B0A4 /* Build configuration list for PBXNativeTarget "TBWeather" */ = {
			isa = XCConfigurationList;
			buildConfigurations = (
				65491B2328F707A50068B0A4 /* Debug */,
				65491B2428F707A50068B0A4 /* Release */,
			);
			defaultConfigurationIsVisible = 0;
			defaultConfigurationName = Release;
		};
		65491B2528F707A50068B0A4 /* Build configuration list for PBXNativeTarget "TBWeatherTests" */ = {
			isa = XCConfigurationList;
			buildConfigurations = (
				65491B2628F707A50068B0A4 /* Debug */,
				65491B2728F707A50068B0A4 /* Release */,
			);
			defaultConfigurationIsVisible = 0;
			defaultConfigurationName = Release;
		};
		65491B2828F707A50068B0A4 /* Build configuration list for PBXNativeTarget "TBWeatherUITests" */ = {
			isa = XCConfigurationList;
			buildConfigurations = (
				65491B2928F707A50068B0A4 /* Debug */,
				65491B2A28F707A50068B0A4 /* Release */,
			);
			defaultConfigurationIsVisible = 0;
			defaultConfigurationName = Release;
		};
/* End XCConfigurationList section */

/* Begin XCRemoteSwiftPackageReference section */
		65EFB9FA28F763EF0057F1B4 /* XCRemoteSwiftPackageReference "SDWebImage" */ = {
			isa = XCRemoteSwiftPackageReference;
			repositoryURL = "https://github.com/SDWebImage/SDWebImage";
			requirement = {
				kind = upToNextMajorVersion;
				minimumVersion = 5.0.0;
			};
		};
/* End XCRemoteSwiftPackageReference section */

/* Begin XCSwiftPackageProductDependency section */
		65EFB9FB28F763F00057F1B4 /* SDWebImage */ = {
			isa = XCSwiftPackageProductDependency;
			package = 65EFB9FA28F763EF0057F1B4 /* XCRemoteSwiftPackageReference "SDWebImage" */;
			productName = SDWebImage;
		};
/* End XCSwiftPackageProductDependency section */
	};
	rootObject = 65491AF028F707A40068B0A4 /* Project object */;
}
